// !$*UTF8*$!
{
	archiveVersion = 1;
	classes = {
	};
	objectVersion = 50;
	objects = {

/* Begin PBXBuildFile section */
		3D728A0125693C280001EF28 /* contextMenuConfig.swift in Sources */ = {isa = PBXBuildFile; fileRef = 3D728A0025693C280001EF28 /* contextMenuConfig.swift */; };
		3D728A0D25694EB20001EF28 /* NAVBar.swift in Sources */ = {isa = PBXBuildFile; fileRef = 3D728A0C25694EB20001EF28 /* NAVBar.swift */; };
		3D728A1425694F270001EF28 /* largeTitleHeight.swift in Sources */ = {isa = PBXBuildFile; fileRef = 3D728A1325694F270001EF28 /* largeTitleHeight.swift */; };
		3D9063812564372800D7A81F /* TableViewController.swift in Sources */ = {isa = PBXBuildFile; fileRef = 3D9063802564372800D7A81F /* TableViewController.swift */; };
		3D9063822564372800D7A81F /* TableViewController.swift in Sources */ = {isa = PBXBuildFile; fileRef = 3D9063802564372800D7A81F /* TableViewController.swift */; };
		3D9063832564372800D7A81F /* TableViewController.swift in Sources */ = {isa = PBXBuildFile; fileRef = 3D9063802564372800D7A81F /* TableViewController.swift */; };
		3D90639E256438B700D7A81F /* CustomCell.swift in Sources */ = {isa = PBXBuildFile; fileRef = 3D90639D256438B700D7A81F /* CustomCell.swift */; };
		3D90639F256438B700D7A81F /* CustomCell.swift in Sources */ = {isa = PBXBuildFile; fileRef = 3D90639D256438B700D7A81F /* CustomCell.swift */; };
		3D9063A0256438B700D7A81F /* CustomCell.swift in Sources */ = {isa = PBXBuildFile; fileRef = 3D90639D256438B700D7A81F /* CustomCell.swift */; };
		3D9063B525643CE100D7A81F /* DetailScreen.swift in Sources */ = {isa = PBXBuildFile; fileRef = 3D9063B425643CE100D7A81F /* DetailScreen.swift */; };
		3D9063C225644F8800D7A81F /* CustomCell.xib in Resources */ = {isa = PBXBuildFile; fileRef = 3D9063A725643AD400D7A81F /* CustomCell.xib */; };
		3D9063C625644F8800D7A81F /* CustomCell.xib in Resources */ = {isa = PBXBuildFile; fileRef = 3D9063A725643AD400D7A81F /* CustomCell.xib */; };
		3D9063CD25644F8900D7A81F /* CustomCell.xib in Resources */ = {isa = PBXBuildFile; fileRef = 3D9063A725643AD400D7A81F /* CustomCell.xib */; };
		3D93A5C5256301B50066616E /* AppDelegate.swift in Sources */ = {isa = PBXBuildFile; fileRef = 3D93A5C4256301B50066616E /* AppDelegate.swift */; };
		3D93A5C7256301B50066616E /* SceneDelegate.swift in Sources */ = {isa = PBXBuildFile; fileRef = 3D93A5C6256301B50066616E /* SceneDelegate.swift */; };
		3D93A5CF256301B50066616E /* BookingProject.xcdatamodeld in Sources */ = {isa = PBXBuildFile; fileRef = 3D93A5CD256301B50066616E /* BookingProject.xcdatamodeld */; };
		3D93A5D1256301B60066616E /* Assets.xcassets in Resources */ = {isa = PBXBuildFile; fileRef = 3D93A5D0256301B50066616E /* Assets.xcassets */; };
		3D93A5D4256301B60066616E /* LaunchScreen.storyboard in Resources */ = {isa = PBXBuildFile; fileRef = 3D93A5D2256301B60066616E /* LaunchScreen.storyboard */; };
		3D93A5DF256301B60066616E /* BookingProjectTests.swift in Sources */ = {isa = PBXBuildFile; fileRef = 3D93A5DE256301B60066616E /* BookingProjectTests.swift */; };
		3D93A5EA256301B60066616E /* BookingProjectUITests.swift in Sources */ = {isa = PBXBuildFile; fileRef = 3D93A5E9256301B60066616E /* BookingProjectUITests.swift */; };
		3D93A60F25631BAC0066616E /* HotelModel.swift in Sources */ = {isa = PBXBuildFile; fileRef = 3D93A60E25631BAC0066616E /* HotelModel.swift */; };
		3D93A61925632E6F0066616E /* MainCatalog.swift in Sources */ = {isa = PBXBuildFile; fileRef = 3D93A61825632E6F0066616E /* MainCatalog.swift */; };
		3D93A61F256330C00066616E /* URLs.swift in Sources */ = {isa = PBXBuildFile; fileRef = 3D93A61E256330C00066616E /* URLs.swift */; };
		3D93A627256330DB0066616E /* API.swift in Sources */ = {isa = PBXBuildFile; fileRef = 3D93A626256330DB0066616E /* API.swift */; };
		3D93A62C2563313F0066616E /* JSONDecoderEncoder.swift in Sources */ = {isa = PBXBuildFile; fileRef = 3D93A62B2563313F0066616E /* JSONDecoderEncoder.swift */; };
		3D93A632256331650066616E /* extensionCodableTask.swift in Sources */ = {isa = PBXBuildFile; fileRef = 3D93A631256331650066616E /* extensionCodableTask.swift */; };
		3D93A63B256331960066616E /* CodableTask.swift in Sources */ = {isa = PBXBuildFile; fileRef = 3D93A63A256331960066616E /* CodableTask.swift */; };
		3D93A64E2563C4C70066616E /* Handler.swift in Sources */ = {isa = PBXBuildFile; fileRef = 3D93A64D2563C4C70066616E /* Handler.swift */; };
		3D93A6692563C8030066616E /* Cell.swift in Sources */ = {isa = PBXBuildFile; fileRef = 3D93A6682563C8030066616E /* Cell.swift */; };
		3D93A6712563C8920066616E /* TopView.swift in Sources */ = {isa = PBXBuildFile; fileRef = 3D93A6702563C8920066616E /* TopView.swift */; };
		3D97D5402571277B00DFF4BE /* tableViewConfig.swift in Sources */ = {isa = PBXBuildFile; fileRef = 3D97D53F2571277B00DFF4BE /* tableViewConfig.swift */; };
		3D97D548257127FE00DFF4BE /* navigationBarConfig.swift in Sources */ = {isa = PBXBuildFile; fileRef = 3D97D547257127FE00DFF4BE /* navigationBarConfig.swift */; };
		3D97D58A257151B800DFF4BE /* Storage.swift in Sources */ = {isa = PBXBuildFile; fileRef = 3D97D589257151B800DFF4BE /* Storage.swift */; };
		3D97D5BC2571D8F000DFF4BE /* DelayScreen.swift in Sources */ = {isa = PBXBuildFile; fileRef = 3D97D5BB2571D8F000DFF4BE /* DelayScreen.swift */; };
		3D97D5C82571DA9600DFF4BE /* updater+delay.swift in Sources */ = {isa = PBXBuildFile; fileRef = 3D97D5C72571DA9600DFF4BE /* updater+delay.swift */; };
		3DFE4AA8256591220042F079 /* PreviewHotel.swift in Sources */ = {isa = PBXBuildFile; fileRef = 3DFE4AA7256591220042F079 /* PreviewHotel.swift */; };
		3DFE4AAE2565914F0042F079 /* PreviewHotel.xib in Resources */ = {isa = PBXBuildFile; fileRef = 3DFE4AAD2565914F0042F079 /* PreviewHotel.xib */; };
/* End PBXBuildFile section */

/* Begin PBXContainerItemProxy section */
		3D93A5DB256301B60066616E /* PBXContainerItemProxy */ = {
			isa = PBXContainerItemProxy;
			containerPortal = 3D93A5B9256301B50066616E /* Project object */;
			proxyType = 1;
			remoteGlobalIDString = 3D93A5C0256301B50066616E;
			remoteInfo = BookingProject;
		};
		3D93A5E6256301B60066616E /* PBXContainerItemProxy */ = {
			isa = PBXContainerItemProxy;
			containerPortal = 3D93A5B9256301B50066616E /* Project object */;
			proxyType = 1;
			remoteGlobalIDString = 3D93A5C0256301B50066616E;
			remoteInfo = BookingProject;
		};
/* End PBXContainerItemProxy section */

/* Begin PBXFileReference section */
		3D728A0025693C280001EF28 /* contextMenuConfig.swift */ = {isa = PBXFileReference; lastKnownFileType = sourcecode.swift; path = contextMenuConfig.swift; sourceTree = "<group>"; };
		3D728A0C25694EB20001EF28 /* NAVBar.swift */ = {isa = PBXFileReference; lastKnownFileType = sourcecode.swift; path = NAVBar.swift; sourceTree = "<group>"; };
		3D728A1325694F270001EF28 /* largeTitleHeight.swift */ = {isa = PBXFileReference; lastKnownFileType = sourcecode.swift; path = largeTitleHeight.swift; sourceTree = "<group>"; };
		3D9063802564372800D7A81F /* TableViewController.swift */ = {isa = PBXFileReference; lastKnownFileType = sourcecode.swift; path = TableViewController.swift; sourceTree = "<group>"; };
		3D90639D256438B700D7A81F /* CustomCell.swift */ = {isa = PBXFileReference; lastKnownFileType = sourcecode.swift; path = CustomCell.swift; sourceTree = "<group>"; };
		3D9063A725643AD400D7A81F /* CustomCell.xib */ = {isa = PBXFileReference; lastKnownFileType = file.xib; path = CustomCell.xib; sourceTree = "<group>"; };
		3D9063B425643CE100D7A81F /* DetailScreen.swift */ = {isa = PBXFileReference; lastKnownFileType = sourcecode.swift; path = DetailScreen.swift; sourceTree = "<group>"; };
		3D93A5C1256301B50066616E /* BookingProject.app */ = {isa = PBXFileReference; explicitFileType = wrapper.application; includeInIndex = 0; path = BookingProject.app; sourceTree = BUILT_PRODUCTS_DIR; };
		3D93A5C4256301B50066616E /* AppDelegate.swift */ = {isa = PBXFileReference; lastKnownFileType = sourcecode.swift; path = AppDelegate.swift; sourceTree = "<group>"; };
		3D93A5C6256301B50066616E /* SceneDelegate.swift */ = {isa = PBXFileReference; lastKnownFileType = sourcecode.swift; path = SceneDelegate.swift; sourceTree = "<group>"; };
		3D93A5CE256301B50066616E /* BookingProject.xcdatamodel */ = {isa = PBXFileReference; lastKnownFileType = wrapper.xcdatamodel; path = BookingProject.xcdatamodel; sourceTree = "<group>"; };
		3D93A5D0256301B50066616E /* Assets.xcassets */ = {isa = PBXFileReference; lastKnownFileType = folder.assetcatalog; path = Assets.xcassets; sourceTree = "<group>"; };
		3D93A5D3256301B60066616E /* Base */ = {isa = PBXFileReference; lastKnownFileType = file.storyboard; name = Base; path = Base.lproj/LaunchScreen.storyboard; sourceTree = "<group>"; };
		3D93A5D5256301B60066616E /* Info.plist */ = {isa = PBXFileReference; lastKnownFileType = text.plist.xml; path = Info.plist; sourceTree = "<group>"; };
		3D93A5DA256301B60066616E /* BookingProjectTests.xctest */ = {isa = PBXFileReference; explicitFileType = wrapper.cfbundle; includeInIndex = 0; path = BookingProjectTests.xctest; sourceTree = BUILT_PRODUCTS_DIR; };
		3D93A5DE256301B60066616E /* BookingProjectTests.swift */ = {isa = PBXFileReference; lastKnownFileType = sourcecode.swift; path = BookingProjectTests.swift; sourceTree = "<group>"; };
		3D93A5E0256301B60066616E /* Info.plist */ = {isa = PBXFileReference; lastKnownFileType = text.plist.xml; path = Info.plist; sourceTree = "<group>"; };
		3D93A5E5256301B60066616E /* BookingProjectUITests.xctest */ = {isa = PBXFileReference; explicitFileType = wrapper.cfbundle; includeInIndex = 0; path = BookingProjectUITests.xctest; sourceTree = BUILT_PRODUCTS_DIR; };
		3D93A5E9256301B60066616E /* BookingProjectUITests.swift */ = {isa = PBXFileReference; lastKnownFileType = sourcecode.swift; path = BookingProjectUITests.swift; sourceTree = "<group>"; };
		3D93A5EB256301B60066616E /* Info.plist */ = {isa = PBXFileReference; lastKnownFileType = text.plist.xml; path = Info.plist; sourceTree = "<group>"; };
		3D93A60E25631BAC0066616E /* HotelModel.swift */ = {isa = PBXFileReference; lastKnownFileType = sourcecode.swift; path = HotelModel.swift; sourceTree = "<group>"; };
		3D93A61825632E6F0066616E /* MainCatalog.swift */ = {isa = PBXFileReference; lastKnownFileType = sourcecode.swift; path = MainCatalog.swift; sourceTree = "<group>"; };
		3D93A61E256330C00066616E /* URLs.swift */ = {isa = PBXFileReference; lastKnownFileType = sourcecode.swift; path = URLs.swift; sourceTree = "<group>"; };
		3D93A626256330DB0066616E /* API.swift */ = {isa = PBXFileReference; lastKnownFileType = sourcecode.swift; path = API.swift; sourceTree = "<group>"; };
		3D93A62B2563313F0066616E /* JSONDecoderEncoder.swift */ = {isa = PBXFileReference; lastKnownFileType = sourcecode.swift; path = JSONDecoderEncoder.swift; sourceTree = "<group>"; };
		3D93A631256331650066616E /* extensionCodableTask.swift */ = {isa = PBXFileReference; lastKnownFileType = sourcecode.swift; path = extensionCodableTask.swift; sourceTree = "<group>"; };
		3D93A63A256331960066616E /* CodableTask.swift */ = {isa = PBXFileReference; lastKnownFileType = sourcecode.swift; path = CodableTask.swift; sourceTree = "<group>"; };
		3D93A64D2563C4C70066616E /* Handler.swift */ = {isa = PBXFileReference; lastKnownFileType = sourcecode.swift; path = Handler.swift; sourceTree = "<group>"; };
		3D93A6682563C8030066616E /* Cell.swift */ = {isa = PBXFileReference; lastKnownFileType = sourcecode.swift; path = Cell.swift; sourceTree = "<group>"; };
		3D93A6702563C8920066616E /* TopView.swift */ = {isa = PBXFileReference; lastKnownFileType = sourcecode.swift; path = TopView.swift; sourceTree = "<group>"; };
		3D97D53F2571277B00DFF4BE /* tableViewConfig.swift */ = {isa = PBXFileReference; lastKnownFileType = sourcecode.swift; path = tableViewConfig.swift; sourceTree = "<group>"; };
		3D97D547257127FE00DFF4BE /* navigationBarConfig.swift */ = {isa = PBXFileReference; lastKnownFileType = sourcecode.swift; path = navigationBarConfig.swift; sourceTree = "<group>"; };
		3D97D589257151B800DFF4BE /* Storage.swift */ = {isa = PBXFileReference; lastKnownFileType = sourcecode.swift; path = Storage.swift; sourceTree = "<group>"; };
		3D97D5BB2571D8F000DFF4BE /* DelayScreen.swift */ = {isa = PBXFileReference; lastKnownFileType = sourcecode.swift; path = DelayScreen.swift; sourceTree = "<group>"; };
		3D97D5C72571DA9600DFF4BE /* updater+delay.swift */ = {isa = PBXFileReference; lastKnownFileType = sourcecode.swift; path = "updater+delay.swift"; sourceTree = "<group>"; };
		3DFE4AA7256591220042F079 /* PreviewHotel.swift */ = {isa = PBXFileReference; lastKnownFileType = sourcecode.swift; path = PreviewHotel.swift; sourceTree = "<group>"; };
		3DFE4AAD2565914F0042F079 /* PreviewHotel.xib */ = {isa = PBXFileReference; lastKnownFileType = file.xib; path = PreviewHotel.xib; sourceTree = "<group>"; };
/* End PBXFileReference section */

/* Begin PBXFrameworksBuildPhase section */
		3D93A5BE256301B50066616E /* Frameworks */ = {
			isa = PBXFrameworksBuildPhase;
			buildActionMask = 2147483647;
			files = (
			);
			runOnlyForDeploymentPostprocessing = 0;
		};
		3D93A5D7256301B60066616E /* Frameworks */ = {
			isa = PBXFrameworksBuildPhase;
			buildActionMask = 2147483647;
			files = (
			);
			runOnlyForDeploymentPostprocessing = 0;
		};
		3D93A5E2256301B60066616E /* Frameworks */ = {
			isa = PBXFrameworksBuildPhase;
			buildActionMask = 2147483647;
			files = (
			);
			runOnlyForDeploymentPostprocessing = 0;
		};
/* End PBXFrameworksBuildPhase section */

/* Begin PBXGroup section */
		3D7289FF25693C120001EF28 /* ContextMenu */ = {
			isa = PBXGroup;
			children = (
				3D728A0025693C280001EF28 /* contextMenuConfig.swift */,
			);
			path = ContextMenu;
			sourceTree = "<group>";
		};
		3D728A08256941090001EF28 /* NavigationBar */ = {
			isa = PBXGroup;
			children = (
				3D728A0C25694EB20001EF28 /* NAVBar.swift */,
				3D97D547257127FE00DFF4BE /* navigationBarConfig.swift */,
			);
			path = NavigationBar;
			sourceTree = "<group>";
		};
		3D728A1125694F170001EF28 /* Helper */ = {
			isa = PBXGroup;
			children = (
				3D728A1225694F1E0001EF28 /* UINavigationBar */,
			);
			path = Helper;
			sourceTree = "<group>";
		};
		3D728A1225694F1E0001EF28 /* UINavigationBar */ = {
			isa = PBXGroup;
			children = (
				3D728A1325694F270001EF28 /* largeTitleHeight.swift */,
			);
			path = UINavigationBar;
			sourceTree = "<group>";
		};
		3D9063872564377E00D7A81F /* TableViewController */ = {
			isa = PBXGroup;
			children = (
				3D728A08256941090001EF28 /* NavigationBar */,
				3D7289FF25693C120001EF28 /* ContextMenu */,
				3D90639C2564384800D7A81F /* Cell */,
				3D9063802564372800D7A81F /* TableViewController.swift */,
				3D97D53F2571277B00DFF4BE /* tableViewConfig.swift */,
				3D97D5C72571DA9600DFF4BE /* updater+delay.swift */,
			);
			path = TableViewController;
			sourceTree = "<group>";
		};
		3D90639C2564384800D7A81F /* Cell */ = {
			isa = PBXGroup;
			children = (
				3D90639D256438B700D7A81F /* CustomCell.swift */,
				3D9063A725643AD400D7A81F /* CustomCell.xib */,
			);
			path = Cell;
			sourceTree = "<group>";
		};
		3D93A5B8256301B50066616E = {
			isa = PBXGroup;
			children = (
				3D93A5C3256301B50066616E /* BookingProject */,
				3D93A5DD256301B60066616E /* BookingProjectTests */,
				3D93A5E8256301B60066616E /* BookingProjectUITests */,
				3D93A5C2256301B50066616E /* Products */,
			);
			sourceTree = "<group>";
		};
		3D93A5C2256301B50066616E /* Products */ = {
			isa = PBXGroup;
			children = (
				3D93A5C1256301B50066616E /* BookingProject.app */,
				3D93A5DA256301B60066616E /* BookingProjectTests.xctest */,
				3D93A5E5256301B60066616E /* BookingProjectUITests.xctest */,
			);
			name = Products;
			sourceTree = "<group>";
		};
		3D93A5C3256301B50066616E /* BookingProject */ = {
			isa = PBXGroup;
			children = (
				3D97D588257151A700DFF4BE /* Storage */,
				3D728A1125694F170001EF28 /* Helper */,
				3DFE4AA6256591080042F079 /* PreviewHotelImage */,
				3DFE4A8B256526540042F079 /* Storyboards */,
				3D9063872564377E00D7A81F /* TableViewController */,
				3D93A6672563C7F70066616E /* Views */,
				3D93A64C2563C4BF0066616E /* Handler */,
				3D93A61D256330B00066616E /* API */,
				3D93A5C4256301B50066616E /* AppDelegate.swift */,
				3D93A5C6256301B50066616E /* SceneDelegate.swift */,
				3D93A5D0256301B50066616E /* Assets.xcassets */,
				3D93A5D5256301B60066616E /* Info.plist */,
				3D93A5CD256301B50066616E /* BookingProject.xcdatamodeld */,
				3D93A61825632E6F0066616E /* MainCatalog.swift */,
			);
			path = BookingProject;
			sourceTree = "<group>";
		};
		3D93A5DD256301B60066616E /* BookingProjectTests */ = {
			isa = PBXGroup;
			children = (
				3D93A5DE256301B60066616E /* BookingProjectTests.swift */,
				3D93A5E0256301B60066616E /* Info.plist */,
			);
			path = BookingProjectTests;
			sourceTree = "<group>";
		};
		3D93A5E8256301B60066616E /* BookingProjectUITests */ = {
			isa = PBXGroup;
			children = (
				3D93A5E9256301B60066616E /* BookingProjectUITests.swift */,
				3D93A5EB256301B60066616E /* Info.plist */,
			);
			path = BookingProjectUITests;
			sourceTree = "<group>";
		};
		3D93A60D25631B990066616E /* JSON */ = {
			isa = PBXGroup;
			children = (
				3D93A60E25631BAC0066616E /* HotelModel.swift */,
				3D93A62B2563313F0066616E /* JSONDecoderEncoder.swift */,
			);
			path = JSON;
			sourceTree = "<group>";
		};
		3D93A61D256330B00066616E /* API */ = {
			isa = PBXGroup;
			children = (
				3D93A626256330DB0066616E /* API.swift */,
				3D93A61E256330C00066616E /* URLs.swift */,
				3D93A639256331860066616E /* Protocols */,
				3D93A630256331570066616E /* URLSession */,
			);
			path = API;
			sourceTree = "<group>";
		};
		3D93A630256331570066616E /* URLSession */ = {
			isa = PBXGroup;
			children = (
				3D93A631256331650066616E /* extensionCodableTask.swift */,
			);
			path = URLSession;
			sourceTree = "<group>";
		};
		3D93A639256331860066616E /* Protocols */ = {
			isa = PBXGroup;
			children = (
				3D93A63A256331960066616E /* CodableTask.swift */,
			);
			path = Protocols;
			sourceTree = "<group>";
		};
		3D93A64C2563C4BF0066616E /* Handler */ = {
			isa = PBXGroup;
			children = (
				3D93A64D2563C4C70066616E /* Handler.swift */,
				3D93A60D25631B990066616E /* JSON */,
			);
			path = Handler;
			sourceTree = "<group>";
		};
		3D93A6672563C7F70066616E /* Views */ = {
			isa = PBXGroup;
			children = (
				3D93A6682563C8030066616E /* Cell.swift */,
				3D93A6702563C8920066616E /* TopView.swift */,
				3D9063B425643CE100D7A81F /* DetailScreen.swift */,
				3D97D5BB2571D8F000DFF4BE /* DelayScreen.swift */,
			);
			path = Views;
			sourceTree = "<group>";
		};
		3D97D588257151A700DFF4BE /* Storage */ = {
			isa = PBXGroup;
			children = (
				3D97D589257151B800DFF4BE /* Storage.swift */,
			);
			path = Storage;
			sourceTree = "<group>";
		};
		3DFE4A8B256526540042F079 /* Storyboards */ = {
			isa = PBXGroup;
			children = (
				3D93A5D2256301B60066616E /* LaunchScreen.storyboard */,
			);
			path = Storyboards;
			sourceTree = "<group>";
		};
		3DFE4AA6256591080042F079 /* PreviewHotelImage */ = {
			isa = PBXGroup;
			children = (
				3DFE4AA7256591220042F079 /* PreviewHotel.swift */,
				3DFE4AAD2565914F0042F079 /* PreviewHotel.xib */,
			);
			path = PreviewHotelImage;
			sourceTree = "<group>";
		};
/* End PBXGroup section */

/* Begin PBXNativeTarget section */
		3D93A5C0256301B50066616E /* BookingProject */ = {
			isa = PBXNativeTarget;
			buildConfigurationList = 3D93A5EE256301B60066616E /* Build configuration list for PBXNativeTarget "BookingProject" */;
			buildPhases = (
				3D93A5BD256301B50066616E /* Sources */,
				3D93A5BE256301B50066616E /* Frameworks */,
				3D93A5BF256301B50066616E /* Resources */,
			);
			buildRules = (
			);
			dependencies = (
			);
			name = BookingProject;
			productName = BookingProject;
			productReference = 3D93A5C1256301B50066616E /* BookingProject.app */;
			productType = "com.apple.product-type.application";
		};
		3D93A5D9256301B60066616E /* BookingProjectTests */ = {
			isa = PBXNativeTarget;
			buildConfigurationList = 3D93A5F1256301B60066616E /* Build configuration list for PBXNativeTarget "BookingProjectTests" */;
			buildPhases = (
				3D93A5D6256301B60066616E /* Sources */,
				3D93A5D7256301B60066616E /* Frameworks */,
				3D93A5D8256301B60066616E /* Resources */,
			);
			buildRules = (
			);
			dependencies = (
				3D93A5DC256301B60066616E /* PBXTargetDependency */,
			);
			name = BookingProjectTests;
			productName = BookingProjectTests;
			productReference = 3D93A5DA256301B60066616E /* BookingProjectTests.xctest */;
			productType = "com.apple.product-type.bundle.unit-test";
		};
		3D93A5E4256301B60066616E /* BookingProjectUITests */ = {
			isa = PBXNativeTarget;
			buildConfigurationList = 3D93A5F4256301B60066616E /* Build configuration list for PBXNativeTarget "BookingProjectUITests" */;
			buildPhases = (
				3D93A5E1256301B60066616E /* Sources */,
				3D93A5E2256301B60066616E /* Frameworks */,
				3D93A5E3256301B60066616E /* Resources */,
			);
			buildRules = (
			);
			dependencies = (
				3D93A5E7256301B60066616E /* PBXTargetDependency */,
			);
			name = BookingProjectUITests;
			productName = BookingProjectUITests;
			productReference = 3D93A5E5256301B60066616E /* BookingProjectUITests.xctest */;
			productType = "com.apple.product-type.bundle.ui-testing";
		};
/* End PBXNativeTarget section */

/* Begin PBXProject section */
		3D93A5B9256301B50066616E /* Project object */ = {
			isa = PBXProject;
			attributes = {
				LastSwiftUpdateCheck = 1220;
				LastUpgradeCheck = 1220;
				TargetAttributes = {
					3D93A5C0256301B50066616E = {
						CreatedOnToolsVersion = 12.2;
					};
					3D93A5D9256301B60066616E = {
						CreatedOnToolsVersion = 12.2;
						TestTargetID = 3D93A5C0256301B50066616E;
					};
					3D93A5E4256301B60066616E = {
						CreatedOnToolsVersion = 12.2;
						TestTargetID = 3D93A5C0256301B50066616E;
					};
				};
			};
			buildConfigurationList = 3D93A5BC256301B50066616E /* Build configuration list for PBXProject "BookingProject" */;
			compatibilityVersion = "Xcode 9.3";
			developmentRegion = en;
			hasScannedForEncodings = 0;
			knownRegions = (
				en,
				Base,
			);
			mainGroup = 3D93A5B8256301B50066616E;
			productRefGroup = 3D93A5C2256301B50066616E /* Products */;
			projectDirPath = "";
			projectRoot = "";
			targets = (
				3D93A5C0256301B50066616E /* BookingProject */,
				3D93A5D9256301B60066616E /* BookingProjectTests */,
				3D93A5E4256301B60066616E /* BookingProjectUITests */,
			);
		};
/* End PBXProject section */

/* Begin PBXResourcesBuildPhase section */
		3D93A5BF256301B50066616E /* Resources */ = {
			isa = PBXResourcesBuildPhase;
			buildActionMask = 2147483647;
			files = (
				3D93A5D4256301B60066616E /* LaunchScreen.storyboard in Resources */,
				3D93A5D1256301B60066616E /* Assets.xcassets in Resources */,
				3D9063C225644F8800D7A81F /* CustomCell.xib in Resources */,
				3DFE4AAE2565914F0042F079 /* PreviewHotel.xib in Resources */,
			);
			runOnlyForDeploymentPostprocessing = 0;
		};
		3D93A5D8256301B60066616E /* Resources */ = {
			isa = PBXResourcesBuildPhase;
			buildActionMask = 2147483647;
			files = (
				3D9063C625644F8800D7A81F /* CustomCell.xib in Resources */,
			);
			runOnlyForDeploymentPostprocessing = 0;
		};
		3D93A5E3256301B60066616E /* Resources */ = {
			isa = PBXResourcesBuildPhase;
			buildActionMask = 2147483647;
			files = (
				3D9063CD25644F8900D7A81F /* CustomCell.xib in Resources */,
			);
			runOnlyForDeploymentPostprocessing = 0;
		};
/* End PBXResourcesBuildPhase section */

/* Begin PBXSourcesBuildPhase section */
		3D93A5BD256301B50066616E /* Sources */ = {
			isa = PBXSourcesBuildPhase;
			buildActionMask = 2147483647;
			files = (
				3D93A6712563C8920066616E /* TopView.swift in Sources */,
				3D93A62C2563313F0066616E /* JSONDecoderEncoder.swift in Sources */,
				3D93A60F25631BAC0066616E /* HotelModel.swift in Sources */,
				3D97D5BC2571D8F000DFF4BE /* DelayScreen.swift in Sources */,
				3D97D5402571277B00DFF4BE /* tableViewConfig.swift in Sources */,
				3D93A5C5256301B50066616E /* AppDelegate.swift in Sources */,
				3D97D548257127FE00DFF4BE /* navigationBarConfig.swift in Sources */,
				3D728A0125693C280001EF28 /* contextMenuConfig.swift in Sources */,
				3D93A63B256331960066616E /* CodableTask.swift in Sources */,
				3D93A6692563C8030066616E /* Cell.swift in Sources */,
				3D90639E256438B700D7A81F /* CustomCell.swift in Sources */,
				3D93A61F256330C00066616E /* URLs.swift in Sources */,
				3D93A64E2563C4C70066616E /* Handler.swift in Sources */,
				3D728A0D25694EB20001EF28 /* NAVBar.swift in Sources */,
				3D97D5C82571DA9600DFF4BE /* updater+delay.swift in Sources */,
				3D93A632256331650066616E /* extensionCodableTask.swift in Sources */,
				3D93A5C7256301B50066616E /* SceneDelegate.swift in Sources */,
				3D97D58A257151B800DFF4BE /* Storage.swift in Sources */,
				3DFE4AA8256591220042F079 /* PreviewHotel.swift in Sources */,
				3D93A61925632E6F0066616E /* MainCatalog.swift in Sources */,
				3D728A1425694F270001EF28 /* largeTitleHeight.swift in Sources */,
				3D93A627256330DB0066616E /* API.swift in Sources */,
				3D9063812564372800D7A81F /* TableViewController.swift in Sources */,
				3D9063B525643CE100D7A81F /* DetailScreen.swift in Sources */,
				3D93A5CF256301B50066616E /* BookingProject.xcdatamodeld in Sources */,
			);
			runOnlyForDeploymentPostprocessing = 0;
		};
		3D93A5D6256301B60066616E /* Sources */ = {
			isa = PBXSourcesBuildPhase;
			buildActionMask = 2147483647;
			files = (
				3D93A5DF256301B60066616E /* BookingProjectTests.swift in Sources */,
				3D90639F256438B700D7A81F /* CustomCell.swift in Sources */,
				3D9063822564372800D7A81F /* TableViewController.swift in Sources */,
			);
			runOnlyForDeploymentPostprocessing = 0;
		};
		3D93A5E1256301B60066616E /* Sources */ = {
			isa = PBXSourcesBuildPhase;
			buildActionMask = 2147483647;
			files = (
				3D93A5EA256301B60066616E /* BookingProjectUITests.swift in Sources */,
				3D9063A0256438B700D7A81F /* CustomCell.swift in Sources */,
				3D9063832564372800D7A81F /* TableViewController.swift in Sources */,
			);
			runOnlyForDeploymentPostprocessing = 0;
		};
/* End PBXSourcesBuildPhase section */

/* Begin PBXTargetDependency section */
		3D93A5DC256301B60066616E /* PBXTargetDependency */ = {
			isa = PBXTargetDependency;
			target = 3D93A5C0256301B50066616E /* BookingProject */;
			targetProxy = 3D93A5DB256301B60066616E /* PBXContainerItemProxy */;
		};
		3D93A5E7256301B60066616E /* PBXTargetDependency */ = {
			isa = PBXTargetDependency;
			target = 3D93A5C0256301B50066616E /* BookingProject */;
			targetProxy = 3D93A5E6256301B60066616E /* PBXContainerItemProxy */;
		};
/* End PBXTargetDependency section */

/* Begin PBXVariantGroup section */
		3D93A5D2256301B60066616E /* LaunchScreen.storyboard */ = {
			isa = PBXVariantGroup;
			children = (
				3D93A5D3256301B60066616E /* Base */,
			);
			name = LaunchScreen.storyboard;
			sourceTree = "<group>";
		};
/* End PBXVariantGroup section */

/* Begin XCBuildConfiguration section */
		3D93A5EC256301B60066616E /* Debug */ = {
			isa = XCBuildConfiguration;
			buildSettings = {
				ALWAYS_SEARCH_USER_PATHS = NO;
				CLANG_ANALYZER_NONNULL = YES;
				CLANG_ANALYZER_NUMBER_OBJECT_CONVERSION = YES_AGGRESSIVE;
				CLANG_CXX_LANGUAGE_STANDARD = "gnu++14";
				CLANG_CXX_LIBRARY = "libc++";
				CLANG_ENABLE_MODULES = YES;
				CLANG_ENABLE_OBJC_ARC = YES;
				CLANG_ENABLE_OBJC_WEAK = YES;
				CLANG_WARN_BLOCK_CAPTURE_AUTORELEASING = YES;
				CLANG_WARN_BOOL_CONVERSION = YES;
				CLANG_WARN_COMMA = YES;
				CLANG_WARN_CONSTANT_CONVERSION = YES;
				CLANG_WARN_DEPRECATED_OBJC_IMPLEMENTATIONS = YES;
				CLANG_WARN_DIRECT_OBJC_ISA_USAGE = YES_ERROR;
				CLANG_WARN_DOCUMENTATION_COMMENTS = YES;
				CLANG_WARN_EMPTY_BODY = YES;
				CLANG_WARN_ENUM_CONVERSION = YES;
				CLANG_WARN_INFINITE_RECURSION = YES;
				CLANG_WARN_INT_CONVERSION = YES;
				CLANG_WARN_NON_LITERAL_NULL_CONVERSION = YES;
				CLANG_WARN_OBJC_IMPLICIT_RETAIN_SELF = YES;
				CLANG_WARN_OBJC_LITERAL_CONVERSION = YES;
				CLANG_WARN_OBJC_ROOT_CLASS = YES_ERROR;
				CLANG_WARN_QUOTED_INCLUDE_IN_FRAMEWORK_HEADER = YES;
				CLANG_WARN_RANGE_LOOP_ANALYSIS = YES;
				CLANG_WARN_STRICT_PROTOTYPES = YES;
				CLANG_WARN_SUSPICIOUS_MOVE = YES;
				CLANG_WARN_UNGUARDED_AVAILABILITY = YES_AGGRESSIVE;
				CLANG_WARN_UNREACHABLE_CODE = YES;
				CLANG_WARN__DUPLICATE_METHOD_MATCH = YES;
				COPY_PHASE_STRIP = NO;
				DEBUG_INFORMATION_FORMAT = dwarf;
				ENABLE_STRICT_OBJC_MSGSEND = YES;
				ENABLE_TESTABILITY = YES;
				GCC_C_LANGUAGE_STANDARD = gnu11;
				GCC_DYNAMIC_NO_PIC = NO;
				GCC_NO_COMMON_BLOCKS = YES;
				GCC_OPTIMIZATION_LEVEL = 0;
				GCC_PREPROCESSOR_DEFINITIONS = (
					"DEBUG=1",
					"$(inherited)",
				);
				GCC_WARN_64_TO_32_BIT_CONVERSION = YES;
				GCC_WARN_ABOUT_RETURN_TYPE = YES_ERROR;
				GCC_WARN_UNDECLARED_SELECTOR = YES;
				GCC_WARN_UNINITIALIZED_AUTOS = YES_AGGRESSIVE;
				GCC_WARN_UNUSED_FUNCTION = YES;
				GCC_WARN_UNUSED_VARIABLE = YES;
				IPHONEOS_DEPLOYMENT_TARGET = 14.2;
				MTL_ENABLE_DEBUG_INFO = INCLUDE_SOURCE;
				MTL_FAST_MATH = YES;
				ONLY_ACTIVE_ARCH = YES;
				SDKROOT = iphoneos;
				SWIFT_ACTIVE_COMPILATION_CONDITIONS = DEBUG;
				SWIFT_OPTIMIZATION_LEVEL = "-Onone";
			};
			name = Debug;
		};
		3D93A5ED256301B60066616E /* Release */ = {
			isa = XCBuildConfiguration;
			buildSettings = {
				ALWAYS_SEARCH_USER_PATHS = NO;
				CLANG_ANALYZER_NONNULL = YES;
				CLANG_ANALYZER_NUMBER_OBJECT_CONVERSION = YES_AGGRESSIVE;
				CLANG_CXX_LANGUAGE_STANDARD = "gnu++14";
				CLANG_CXX_LIBRARY = "libc++";
				CLANG_ENABLE_MODULES = YES;
				CLANG_ENABLE_OBJC_ARC = YES;
				CLANG_ENABLE_OBJC_WEAK = YES;
				CLANG_WARN_BLOCK_CAPTURE_AUTORELEASING = YES;
				CLANG_WARN_BOOL_CONVERSION = YES;
				CLANG_WARN_COMMA = YES;
				CLANG_WARN_CONSTANT_CONVERSION = YES;
				CLANG_WARN_DEPRECATED_OBJC_IMPLEMENTATIONS = YES;
				CLANG_WARN_DIRECT_OBJC_ISA_USAGE = YES_ERROR;
				CLANG_WARN_DOCUMENTATION_COMMENTS = YES;
				CLANG_WARN_EMPTY_BODY = YES;
				CLANG_WARN_ENUM_CONVERSION = YES;
				CLANG_WARN_INFINITE_RECURSION = YES;
				CLANG_WARN_INT_CONVERSION = YES;
				CLANG_WARN_NON_LITERAL_NULL_CONVERSION = YES;
				CLANG_WARN_OBJC_IMPLICIT_RETAIN_SELF = YES;
				CLANG_WARN_OBJC_LITERAL_CONVERSION = YES;
				CLANG_WARN_OBJC_ROOT_CLASS = YES_ERROR;
				CLANG_WARN_QUOTED_INCLUDE_IN_FRAMEWORK_HEADER = YES;
				CLANG_WARN_RANGE_LOOP_ANALYSIS = YES;
				CLANG_WARN_STRICT_PROTOTYPES = YES;
				CLANG_WARN_SUSPICIOUS_MOVE = YES;
				CLANG_WARN_UNGUARDED_AVAILABILITY = YES_AGGRESSIVE;
				CLANG_WARN_UNREACHABLE_CODE = YES;
				CLANG_WARN__DUPLICATE_METHOD_MATCH = YES;
				COPY_PHASE_STRIP = NO;
				DEBUG_INFORMATION_FORMAT = "dwarf-with-dsym";
				ENABLE_NS_ASSERTIONS = NO;
				ENABLE_STRICT_OBJC_MSGSEND = YES;
				GCC_C_LANGUAGE_STANDARD = gnu11;
				GCC_NO_COMMON_BLOCKS = YES;
				GCC_WARN_64_TO_32_BIT_CONVERSION = YES;
				GCC_WARN_ABOUT_RETURN_TYPE = YES_ERROR;
				GCC_WARN_UNDECLARED_SELECTOR = YES;
				GCC_WARN_UNINITIALIZED_AUTOS = YES_AGGRESSIVE;
				GCC_WARN_UNUSED_FUNCTION = YES;
				GCC_WARN_UNUSED_VARIABLE = YES;
				IPHONEOS_DEPLOYMENT_TARGET = 14.2;
				MTL_ENABLE_DEBUG_INFO = NO;
				MTL_FAST_MATH = YES;
				SDKROOT = iphoneos;
				SWIFT_COMPILATION_MODE = wholemodule;
				SWIFT_OPTIMIZATION_LEVEL = "-O";
				VALIDATE_PRODUCT = YES;
			};
			name = Release;
		};
		3D93A5EF256301B60066616E /* Debug */ = {
			isa = XCBuildConfiguration;
			buildSettings = {
				ASSETCATALOG_COMPILER_APPICON_NAME = AppIcon;
				ASSETCATALOG_COMPILER_GLOBAL_ACCENT_COLOR_NAME = AccentColor;
				CODE_SIGN_STYLE = Automatic;
				DEVELOPMENT_TEAM = KXDT64LHVB;
				INFOPLIST_FILE = BookingProject/Info.plist;
				IPHONEOS_DEPLOYMENT_TARGET = 14.2;
				LD_RUNPATH_SEARCH_PATHS = (
					"$(inherited)",
					"@executable_path/Frameworks",
				);
				PRODUCT_BUNDLE_IDENTIFIER = "Sergey-Fedotov.BookingProject";
				PRODUCT_NAME = "$(TARGET_NAME)";
				SWIFT_VERSION = 5.0;
				TARGETED_DEVICE_FAMILY = 1;
			};
			name = Debug;
		};
		3D93A5F0256301B60066616E /* Release */ = {
			isa = XCBuildConfiguration;
			buildSettings = {
				ASSETCATALOG_COMPILER_APPICON_NAME = AppIcon;
				ASSETCATALOG_COMPILER_GLOBAL_ACCENT_COLOR_NAME = AccentColor;
				CODE_SIGN_STYLE = Automatic;
				DEVELOPMENT_TEAM = KXDT64LHVB;
				INFOPLIST_FILE = BookingProject/Info.plist;
				IPHONEOS_DEPLOYMENT_TARGET = 14.2;
				LD_RUNPATH_SEARCH_PATHS = (
					"$(inherited)",
					"@executable_path/Frameworks",
				);
				PRODUCT_BUNDLE_IDENTIFIER = "Sergey-Fedotov.BookingProject";
				PRODUCT_NAME = "$(TARGET_NAME)";
				SWIFT_VERSION = 5.0;
				TARGETED_DEVICE_FAMILY = 1;
			};
			name = Release;
		};
		3D93A5F2256301B60066616E /* Debug */ = {
			isa = XCBuildConfiguration;
			buildSettings = {
				ALWAYS_EMBED_SWIFT_STANDARD_LIBRARIES = YES;
				BUNDLE_LOADER = "$(TEST_HOST)";
				CODE_SIGN_STYLE = Automatic;
				DEVELOPMENT_TEAM = KXDT64LHVB;
				INFOPLIST_FILE = BookingProjectTests/Info.plist;
				IPHONEOS_DEPLOYMENT_TARGET = 14.2;
				LD_RUNPATH_SEARCH_PATHS = (
					"$(inherited)",
					"@executable_path/Frameworks",
					"@loader_path/Frameworks",
				);
				PRODUCT_BUNDLE_IDENTIFIER = "Sergey-Fedotov.BookingProjectTests";
				PRODUCT_NAME = "$(TARGET_NAME)";
				SWIFT_VERSION = 5.0;
				TARGETED_DEVICE_FAMILY = "1,2";
				TEST_HOST = "$(BUILT_PRODUCTS_DIR)/BookingProject.app/BookingProject";
			};
			name = Debug;
		};
		3D93A5F3256301B60066616E /* Release */ = {
			isa = XCBuildConfiguration;
			buildSettings = {
				ALWAYS_EMBED_SWIFT_STANDARD_LIBRARIES = YES;
				BUNDLE_LOADER = "$(TEST_HOST)";
				CODE_SIGN_STYLE = Automatic;
				DEVELOPMENT_TEAM = KXDT64LHVB;
				INFOPLIST_FILE = BookingProjectTests/Info.plist;
				IPHONEOS_DEPLOYMENT_TARGET = 14.2;
				LD_RUNPATH_SEARCH_PATHS = (
					"$(inherited)",
					"@executable_path/Frameworks",
					"@loader_path/Frameworks",
				);
				PRODUCT_BUNDLE_IDENTIFIER = "Sergey-Fedotov.BookingProjectTests";
				PRODUCT_NAME = "$(TARGET_NAME)";
				SWIFT_VERSION = 5.0;
				TARGETED_DEVICE_FAMILY = "1,2";
				TEST_HOST = "$(BUILT_PRODUCTS_DIR)/BookingProject.app/BookingProject";
			};
			name = Release;
		};
		3D93A5F5256301B60066616E /* Debug */ = {
			isa = XCBuildConfiguration;
			buildSettings = {
				ALWAYS_EMBED_SWIFT_STANDARD_LIBRARIES = YES;
				CODE_SIGN_STYLE = Automatic;
				DEVELOPMENT_TEAM = KXDT64LHVB;
				INFOPLIST_FILE = BookingProjectUITests/Info.plist;
				LD_RUNPATH_SEARCH_PATHS = (
					"$(inherited)",
					"@executable_path/Frameworks",
					"@loader_path/Frameworks",
				);
				PRODUCT_BUNDLE_IDENTIFIER = "Sergey-Fedotov.BookingProjectUITests";
				PRODUCT_NAME = "$(TARGET_NAME)";
				SWIFT_VERSION = 5.0;
				TARGETED_DEVICE_FAMILY = "1,2";
				TEST_TARGET_NAME = BookingProject;
			};
			name = Debug;
		};
		3D93A5F6256301B60066616E /* Release */ = {
			isa = XCBuildConfiguration;
			buildSettings = {
				ALWAYS_EMBED_SWIFT_STANDARD_LIBRARIES = YES;
				CODE_SIGN_STYLE = Automatic;
				DEVELOPMENT_TEAM = KXDT64LHVB;
				INFOPLIST_FILE = BookingProjectUITests/Info.plist;
				LD_RUNPATH_SEARCH_PATHS = (
					"$(inherited)",
					"@executable_path/Frameworks",
					"@loader_path/Frameworks",
				);
				PRODUCT_BUNDLE_IDENTIFIER = "Sergey-Fedotov.BookingProjectUITests";
				PRODUCT_NAME = "$(TARGET_NAME)";
				SWIFT_VERSION = 5.0;
				TARGETED_DEVICE_FAMILY = "1,2";
				TEST_TARGET_NAME = BookingProject;
			};
			name = Release;
		};
/* End XCBuildConfiguration section */

/* Begin XCConfigurationList section */
		3D93A5BC256301B50066616E /* Build configuration list for PBXProject "BookingProject" */ = {
			isa = XCConfigurationList;
			buildConfigurations = (
				3D93A5EC256301B60066616E /* Debug */,
				3D93A5ED256301B60066616E /* Release */,
			);
			defaultConfigurationIsVisible = 0;
			defaultConfigurationName = Release;
		};
		3D93A5EE256301B60066616E /* Build configuration list for PBXNativeTarget "BookingProject" */ = {
			isa = XCConfigurationList;
			buildConfigurations = (
				3D93A5EF256301B60066616E /* Debug */,
				3D93A5F0256301B60066616E /* Release */,
			);
			defaultConfigurationIsVisible = 0;
			defaultConfigurationName = Release;
		};
		3D93A5F1256301B60066616E /* Build configuration list for PBXNativeTarget "BookingProjectTests" */ = {
			isa = XCConfigurationList;
			buildConfigurations = (
				3D93A5F2256301B60066616E /* Debug */,
				3D93A5F3256301B60066616E /* Release */,
			);
			defaultConfigurationIsVisible = 0;
			defaultConfigurationName = Release;
		};
		3D93A5F4256301B60066616E /* Build configuration list for PBXNativeTarget "BookingProjectUITests" */ = {
			isa = XCConfigurationList;
			buildConfigurations = (
				3D93A5F5256301B60066616E /* Debug */,
				3D93A5F6256301B60066616E /* Release */,
			);
			defaultConfigurationIsVisible = 0;
			defaultConfigurationName = Release;
		};
/* End XCConfigurationList section */

/* Begin XCVersionGroup section */
		3D93A5CD256301B50066616E /* BookingProject.xcdatamodeld */ = {
			isa = XCVersionGroup;
			children = (
				3D93A5CE256301B50066616E /* BookingProject.xcdatamodel */,
			);
			currentVersion = 3D93A5CE256301B50066616E /* BookingProject.xcdatamodel */;
			path = BookingProject.xcdatamodeld;
			sourceTree = "<group>";
			versionGroupType = wrapper.xcdatamodel;
		};
/* End XCVersionGroup section */
	};
	rootObject = 3D93A5B9256301B50066616E /* Project object */;
}
